
Microsoft Visual Studio Solution File, Format Version 12.00
# Visual Studio Version 16
VisualStudioVersion = 16.0.29613.14
MinimumVisualStudioVersion = 10.0.40219.1
Project("{2150E333-8FDC-42A3-9474-1A3956D46DE8}") = "src", "src", "{52EDE60A-C78E-48A9-876A-C49360088F55}"
EndProject
Project("{9A19103F-16F7-4668-BE54-9A1E7A4F7556}") = "BLL", "src\BLL\BLL.csproj", "{EFB3EC88-1C8D-4E5D-94BE-B7CA3B051B97}"
EndProject
Project("{9A19103F-16F7-4668-BE54-9A1E7A4F7556}") = "ConsoleUI", "src\ConsoleUI\ConsoleUI.csproj", "{1AD5908E-10B8-460D-855C-F1D479D51FE9}"
EndProject
Project("{9A19103F-16F7-4668-BE54-9A1E7A4F7556}") = "DAL", "src\DAL\DAL.csproj", "{0B01B3AF-DBEB-46DB-AEA7-04C633D5272C}"
EndProject
Project("{9A19103F-16F7-4668-BE54-9A1E7A4F7556}") = "WebUI", "src\WebUI\WebUI.csproj", "{28B4010A-53F8-4AFA-A038-5B55AC8D1F80}"
EndProject
Project("{9A19103F-16F7-4668-BE54-9A1E7A4F7556}") = "ClassAttendanceAPI", "src\StudentApi\ClassAttendanceAPI.csproj", "{AE3BCE43-B139-4D12-BCC7-44F582050F22}"
EndProject
Global
	GlobalSection(SolutionConfigurationPlatforms) = preSolution
		Debug|Any CPU = Debug|Any CPU
		Release|Any CPU = Release|Any CPU
	EndGlobalSection
	GlobalSection(ProjectConfigurationPlatforms) = postSolution
		{EFB3EC88-1C8D-4E5D-94BE-B7CA3B051B97}.Debug|Any CPU.ActiveCfg = Debug|Any CPU
		{EFB3EC88-1C8D-4E5D-94BE-B7CA3B051B97}.Debug|Any CPU.Build.0 = Debug|Any CPU
		{EFB3EC88-1C8D-4E5D-94BE-B7CA3B051B97}.Release|Any CPU.ActiveCfg = Release|Any CPU
		{EFB3EC88-1C8D-4E5D-94BE-B7CA3B051B97}.Release|Any CPU.Build.0 = Release|Any CPU
		{1AD5908E-10B8-460D-855C-F1D479D51FE9}.Debug|Any CPU.ActiveCfg = Debug|Any CPU
		{1AD5908E-10B8-460D-855C-F1D479D51FE9}.Debug|Any CPU.Build.0 = Debug|Any CPU
		{1AD5908E-10B8-460D-855C-F1D479D51FE9}.Release|Any CPU.ActiveCfg = Release|Any CPU
		{1AD5908E-10B8-460D-855C-F1D479D51FE9}.Release|Any CPU.Build.0 = Release|Any CPU
		{0B01B3AF-DBEB-46DB-AEA7-04C633D5272C}.Debug|Any CPU.ActiveCfg = Debug|Any CPU
		{0B01B3AF-DBEB-46DB-AEA7-04C633D5272C}.Debug|Any CPU.Build.0 = Debug|Any CPU
		{0B01B3AF-DBEB-46DB-AEA7-04C633D5272C}.Release|Any CPU.ActiveCfg = Release|Any CPU
		{0B01B3AF-DBEB-46DB-AEA7-04C633D5272C}.Release|Any CPU.Build.0 = Release|Any CPU
		{28B4010A-53F8-4AFA-A038-5B55AC8D1F80}.Debug|Any CPU.ActiveCfg = Debug|Any CPU
		{28B4010A-53F8-4AFA-A038-5B55AC8D1F80}.Debug|Any CPU.Build.0 = Debug|Any CPU
		{28B4010A-53F8-4AFA-A038-5B55AC8D1F80}.Release|Any CPU.ActiveCfg = Release|Any CPU
		{28B4010A-53F8-4AFA-A038-5B55AC8D1F80}.Release|Any CPU.Build.0 = Release|Any CPU
		{AE3BCE43-B139-4D12-BCC7-44F582050F22}.Debug|Any CPU.ActiveCfg = Debug|Any CPU
		{AE3BCE43-B139-4D12-BCC7-44F582050F22}.Debug|Any CPU.Build.0 = Debug|Any CPU
		{AE3BCE43-B139-4D12-BCC7-44F582050F22}.Release|Any CPU.ActiveCfg = Release|Any CPU
		{AE3BCE43-B139-4D12-BCC7-44F582050F22}.Release|Any CPU.Build.0 = Release|Any CPU
	EndGlobalSection
	GlobalSection(SolutionProperties) = preSolution
		HideSolutionNode = FALSE
	EndGlobalSection
	GlobalSection(NestedProjects) = preSolution
		{EFB3EC88-1C8D-4E5D-94BE-B7CA3B051B97} = {52EDE60A-C78E-48A9-876A-C49360088F55}
		{1AD5908E-10B8-460D-855C-F1D479D51FE9} = {52EDE60A-C78E-48A9-876A-C49360088F55}
		{0B01B3AF-DBEB-46DB-AEA7-04C633D5272C} = {52EDE60A-C78E-48A9-876A-C49360088F55}
		{28B4010A-53F8-4AFA-A038-5B55AC8D1F80} = {52EDE60A-C78E-48A9-876A-C49360088F55}
		{AE3BCE43-B139-4D12-BCC7-44F582050F22} = {52EDE60A-C78E-48A9-876A-C49360088F55}
	EndGlobalSection
	GlobalSection(ExtensibilityGlobals) = postSolution
		SolutionGuid = {11EAC1A1-6123-4794-981F-EE1C1A05714B}
	EndGlobalSection
EndGlobal
